PODS:
  - BXCalendar (0.1.3):
    - BXForm
  - BXForm (0.2.7):
    - BXiOSUtils
    - BXModel
    - PinAuto
  - BXiOSUtils (0.1.8)
  - BXModel (0.2.3):
    - SwiftyJSON
  - PinAuto (1.6)
  - Reveal-iOS-SDK (1.6.2)
  - SwiftyJSON (2.3.2)

DEPENDENCIES:
  - BXCalendar (from `../`)
  - Reveal-iOS-SDK

EXTERNAL SOURCES:
  BXCalendar:
    :path: ../

SPEC CHECKSUMS:
  BXCalendar: 536d67be40a92104f20e87027266a3ed20551726
  BXForm: 280722f03fc76c1f4c692bbadd928846360ea57b
  BXiOSUtils: c1355f78727837fd9d1d4c6cf1f6ccfca54fe7f7
  BXModel: 7b107003f758feea4f5634b89869f085e6a015cc
  PinAuto: 3fea106a06036fedf49928e65a1bced151c02f8a
  Reveal-iOS-SDK: e2250b3c155bcfac53ae223ddc1f76d08f206c33
  SwiftyJSON: 04ccea08915aa0109039157c7974cf0298da292a

PODFILE CHECKSUM: 7fcaaf22b212755b748f31d5825ea233f25ac645

COCOAPODS: 1.0.0.beta.7
